
Microsoft Visual Studio Solution File, Format Version 12.00
# Visual Studio Version 17
VisualStudioVersion = 17.3.32901.215
MinimumVisualStudioVersion = 10.0.40219.1
Project("{FAE04EC0-301F-11D3-BF4B-00C04F79EFBC}") = "AppGimnasioMVC", "AppGimnasioMVC\AppGimnasioMVC.csproj", "{FAA84E85-D6DC-433F-B740-86C07428987D}"
EndProject
Project("{2150E333-8FDC-42A3-9474-1A3956D46DE8}") = "Solution Items", "Solution Items", "{70E50008-D4D9-4D48-AC45-F7F18CCF2FDF}"
	ProjectSection(SolutionItems) = preProject
		.editorconfig = .editorconfig
	EndProjectSection
EndProject
Global
	GlobalSection(SolutionConfigurationPlatforms) = preSolution
		Debug|Any CPU = Debug|Any CPU
		Release|Any CPU = Release|Any CPU
	EndGlobalSection
	GlobalSection(ProjectConfigurationPlatforms) = postSolution
		{FAA84E85-D6DC-433F-B740-86C07428987D}.Debug|Any CPU.ActiveCfg = Debug|Any CPU
		{FAA84E85-D6DC-433F-B740-86C07428987D}.Debug|Any CPU.Build.0 = Debug|Any CPU
		{FAA84E85-D6DC-433F-B740-86C07428987D}.Release|Any CPU.ActiveCfg = Release|Any CPU
		{FAA84E85-D6DC-433F-B740-86C07428987D}.Release|Any CPU.Build.0 = Release|Any CPU
	EndGlobalSection
	GlobalSection(SolutionProperties) = preSolution
		HideSolutionNode = FALSE
	EndGlobalSection
	GlobalSection(ExtensibilityGlobals) = postSolution
		SolutionGuid = {D2BF9F62-80D4-4C4A-BD1F-601A83053D5D}
	EndGlobalSection
EndGlobal
